// !$*UTF8*$!
{
	archiveVersion = 1;
	classes = {
	};
	objectVersion = 46;
	objects = {

/* Begin PBXBuildFile section */
		3010E3031D372FA400256F47 /* AppDelegate.swift in Sources */ = {isa = PBXBuildFile; fileRef = 3010E3021D372FA400256F47 /* AppDelegate.swift */; };
		3010E3051D372FA400256F47 /* ViewController.swift in Sources */ = {isa = PBXBuildFile; fileRef = 3010E3041D372FA400256F47 /* ViewController.swift */; };
		3010E3081D372FA400256F47 /* Main.storyboard in Resources */ = {isa = PBXBuildFile; fileRef = 3010E3061D372FA400256F47 /* Main.storyboard */; };
		3010E30B1D372FA400256F47 /* CapitalOneATMBranchLocator.xcdatamodeld in Sources */ = {isa = PBXBuildFile; fileRef = 3010E3091D372FA400256F47 /* CapitalOneATMBranchLocator.xcdatamodeld */; };
		3010E30D1D372FA400256F47 /* Assets.xcassets in Resources */ = {isa = PBXBuildFile; fileRef = 3010E30C1D372FA400256F47 /* Assets.xcassets */; };
		3010E3101D372FA400256F47 /* LaunchScreen.storyboard in Resources */ = {isa = PBXBuildFile; fileRef = 3010E30E1D372FA400256F47 /* LaunchScreen.storyboard */; };
		3010E31B1D372FA400256F47 /* CapitalOneATMBranchLocatorTests.swift in Sources */ = {isa = PBXBuildFile; fileRef = 3010E31A1D372FA400256F47 /* CapitalOneATMBranchLocatorTests.swift */; };
		3010E3261D372FA400256F47 /* CapitalOneATMBranchLocatorUITests.swift in Sources */ = {isa = PBXBuildFile; fileRef = 3010E3251D372FA400256F47 /* CapitalOneATMBranchLocatorUITests.swift */; };
/* End PBXBuildFile section */

/* Begin PBXContainerItemProxy section */
		3010E3171D372FA400256F47 /* PBXContainerItemProxy */ = {
			isa = PBXContainerItemProxy;
			containerPortal = 3010E2F71D372FA400256F47 /* Project object */;
			proxyType = 1;
			remoteGlobalIDString = 3010E2FE1D372FA400256F47;
			remoteInfo = CapitalOneATMBranchLocator;
		};
		3010E3221D372FA400256F47 /* PBXContainerItemProxy */ = {
			isa = PBXContainerItemProxy;
			containerPortal = 3010E2F71D372FA400256F47 /* Project object */;
			proxyType = 1;
			remoteGlobalIDString = 3010E2FE1D372FA400256F47;
			remoteInfo = CapitalOneATMBranchLocator;
		};
/* End PBXContainerItemProxy section */

/* Begin PBXFileReference section */
		3010E2FF1D372FA400256F47 /* CapitalOneATMBranchLocator.app */ = {isa = PBXFileReference; explicitFileType = wrapper.application; includeInIndex = 0; path = CapitalOneATMBranchLocator.app; sourceTree = BUILT_PRODUCTS_DIR; };
		3010E3021D372FA400256F47 /* AppDelegate.swift */ = {isa = PBXFileReference; lastKnownFileType = sourcecode.swift; path = AppDelegate.swift; sourceTree = "<group>"; };
		3010E3041D372FA400256F47 /* ViewController.swift */ = {isa = PBXFileReference; lastKnownFileType = sourcecode.swift; path = ViewController.swift; sourceTree = "<group>"; };
		3010E3071D372FA400256F47 /* Base */ = {isa = PBXFileReference; lastKnownFileType = file.storyboard; name = Base; path = Base.lproj/Main.storyboard; sourceTree = "<group>"; };
		3010E30A1D372FA400256F47 /* CapitalOneATMBranchLocator.xcdatamodel */ = {isa = PBXFileReference; lastKnownFileType = wrapper.xcdatamodel; path = CapitalOneATMBranchLocator.xcdatamodel; sourceTree = "<group>"; };
		3010E30C1D372FA400256F47 /* Assets.xcassets */ = {isa = PBXFileReference; lastKnownFileType = folder.assetcatalog; path = Assets.xcassets; sourceTree = "<group>"; };
		3010E30F1D372FA400256F47 /* Base */ = {isa = PBXFileReference; lastKnownFileType = file.storyboard; name = Base; path = Base.lproj/LaunchScreen.storyboard; sourceTree = "<group>"; };
		3010E3111D372FA400256F47 /* Info.plist */ = {isa = PBXFileReference; lastKnownFileType = text.plist.xml; path = Info.plist; sourceTree = "<group>"; };
		3010E3161D372FA400256F47 /* CapitalOneATMBranchLocatorTests.xctest */ = {isa = PBXFileReference; explicitFileType = wrapper.cfbundle; includeInIndex = 0; path = CapitalOneATMBranchLocatorTests.xctest; sourceTree = BUILT_PRODUCTS_DIR; };
		3010E31A1D372FA400256F47 /* CapitalOneATMBranchLocatorTests.swift */ = {isa = PBXFileReference; lastKnownFileType = sourcecode.swift; path = CapitalOneATMBranchLocatorTests.swift; sourceTree = "<group>"; };
		3010E31C1D372FA400256F47 /* Info.plist */ = {isa = PBXFileReference; lastKnownFileType = text.plist.xml; path = Info.plist; sourceTree = "<group>"; };
		3010E3211D372FA400256F47 /* CapitalOneATMBranchLocatorUITests.xctest */ = {isa = PBXFileReference; explicitFileType = wrapper.cfbundle; includeInIndex = 0; path = CapitalOneATMBranchLocatorUITests.xctest; sourceTree = BUILT_PRODUCTS_DIR; };
		3010E3251D372FA400256F47 /* CapitalOneATMBranchLocatorUITests.swift */ = {isa = PBXFileReference; lastKnownFileType = sourcecode.swift; path = CapitalOneATMBranchLocatorUITests.swift; sourceTree = "<group>"; };
		3010E3271D372FA400256F47 /* Info.plist */ = {isa = PBXFileReference; lastKnownFileType = text.plist.xml; path = Info.plist; sourceTree = "<group>"; };
/* End PBXFileReference section */

/* Begin PBXFrameworksBuildPhase section */
		3010E2FC1D372FA400256F47 /* Frameworks */ = {
			isa = PBXFrameworksBuildPhase;
			buildActionMask = 2147483647;
			files = (
			);
			runOnlyForDeploymentPostprocessing = 0;
		};
		3010E3131D372FA400256F47 /* Frameworks */ = {
			isa = PBXFrameworksBuildPhase;
			buildActionMask = 2147483647;
			files = (
			);
			runOnlyForDeploymentPostprocessing = 0;
		};
		3010E31E1D372FA400256F47 /* Frameworks */ = {
			isa = PBXFrameworksBuildPhase;
			buildActionMask = 2147483647;
			files = (
			);
			runOnlyForDeploymentPostprocessing = 0;
		};
/* End PBXFrameworksBuildPhase section */

/* Begin PBXGroup section */
		3010E2F61D372FA400256F47 = {
			isa = PBXGroup;
			children = (
				3010E3011D372FA400256F47 /* CapitalOneATMBranchLocator */,
				3010E3191D372FA400256F47 /* CapitalOneATMBranchLocatorTests */,
				3010E3241D372FA400256F47 /* CapitalOneATMBranchLocatorUITests */,
				3010E3001D372FA400256F47 /* Products */,
			);
			sourceTree = "<group>";
		};
		3010E3001D372FA400256F47 /* Products */ = {
			isa = PBXGroup;
			children = (
				3010E2FF1D372FA400256F47 /* CapitalOneATMBranchLocator.app */,
				3010E3161D372FA400256F47 /* CapitalOneATMBranchLocatorTests.xctest */,
				3010E3211D372FA400256F47 /* CapitalOneATMBranchLocatorUITests.xctest */,
			);
			name = Products;
			sourceTree = "<group>";
		};
		3010E3011D372FA400256F47 /* CapitalOneATMBranchLocator */ = {
			isa = PBXGroup;
			children = (
				3010E3021D372FA400256F47 /* AppDelegate.swift */,
				3010E3041D372FA400256F47 /* ViewController.swift */,
				3010E3061D372FA400256F47 /* Main.storyboard */,
				3010E30C1D372FA400256F47 /* Assets.xcassets */,
				3010E30E1D372FA400256F47 /* LaunchScreen.storyboard */,
				3010E3111D372FA400256F47 /* Info.plist */,
				3010E3091D372FA400256F47 /* CapitalOneATMBranchLocator.xcdatamodeld */,
			);
			path = CapitalOneATMBranchLocator;
			sourceTree = "<group>";
		};
		3010E3191D372FA400256F47 /* CapitalOneATMBranchLocatorTests */ = {
			isa = PBXGroup;
			children = (
				3010E31A1D372FA400256F47 /* CapitalOneATMBranchLocatorTests.swift */,
				3010E31C1D372FA400256F47 /* Info.plist */,
			);
			path = CapitalOneATMBranchLocatorTests;
			sourceTree = "<group>";
		};
		3010E3241D372FA400256F47 /* CapitalOneATMBranchLocatorUITests */ = {
			isa = PBXGroup;
			children = (
				3010E3251D372FA400256F47 /* CapitalOneATMBranchLocatorUITests.swift */,
				3010E3271D372FA400256F47 /* Info.plist */,
			);
			path = CapitalOneATMBranchLocatorUITests;
			sourceTree = "<group>";
		};
/* End PBXGroup section */

/* Begin PBXNativeTarget section */
		3010E2FE1D372FA400256F47 /* CapitalOneATMBranchLocator */ = {
			isa = PBXNativeTarget;
			buildConfigurationList = 3010E32A1D372FA400256F47 /* Build configuration list for PBXNativeTarget "CapitalOneATMBranchLocator" */;
			buildPhases = (
				3010E2FB1D372FA400256F47 /* Sources */,
				3010E2FC1D372FA400256F47 /* Frameworks */,
				3010E2FD1D372FA400256F47 /* Resources */,
			);
			buildRules = (
			);
			dependencies = (
			);
			name = CapitalOneATMBranchLocator;
			productName = CapitalOneATMBranchLocator;
			productReference = 3010E2FF1D372FA400256F47 /* CapitalOneATMBranchLocator.app */;
			productType = "com.apple.product-type.application";
		};
		3010E3151D372FA400256F47 /* CapitalOneATMBranchLocatorTests */ = {
			isa = PBXNativeTarget;
			buildConfigurationList = 3010E32D1D372FA400256F47 /* Build configuration list for PBXNativeTarget "CapitalOneATMBranchLocatorTests" */;
			buildPhases = (
				3010E3121D372FA400256F47 /* Sources */,
				3010E3131D372FA400256F47 /* Frameworks */,
				3010E3141D372FA400256F47 /* Resources */,
			);
			buildRules = (
			);
			dependencies = (
				3010E3181D372FA400256F47 /* PBXTargetDependency */,
			);
			name = CapitalOneATMBranchLocatorTests;
			productName = CapitalOneATMBranchLocatorTests;
			productReference = 3010E3161D372FA400256F47 /* CapitalOneATMBranchLocatorTests.xctest */;
			productType = "com.apple.product-type.bundle.unit-test";
		};
		3010E3201D372FA400256F47 /* CapitalOneATMBranchLocatorUITests */ = {
			isa = PBXNativeTarget;
			buildConfigurationList = 3010E3301D372FA400256F47 /* Build configuration list for PBXNativeTarget "CapitalOneATMBranchLocatorUITests" */;
			buildPhases = (
				3010E31D1D372FA400256F47 /* Sources */,
				3010E31E1D372FA400256F47 /* Frameworks */,
				3010E31F1D372FA400256F47 /* Resources */,
			);
			buildRules = (
			);
			dependencies = (
				3010E3231D372FA400256F47 /* PBXTargetDependency */,
			);
			name = CapitalOneATMBranchLocatorUITests;
			productName = CapitalOneATMBranchLocatorUITests;
			productReference = 3010E3211D372FA400256F47 /* CapitalOneATMBranchLocatorUITests.xctest */;
			productType = "com.apple.product-type.bundle.ui-testing";
		};
/* End PBXNativeTarget section */

/* Begin PBXProject section */
		3010E2F71D372FA400256F47 /* Project object */ = {
			isa = PBXProject;
			attributes = {
				LastSwiftUpdateCheck = 0730;
				LastUpgradeCheck = 0730;
				ORGANIZATIONNAME = "Rajesh kumar Subbiah";
				TargetAttributes = {
					3010E2FE1D372FA400256F47 = {
						CreatedOnToolsVersion = 7.3.1;
					};
					3010E3151D372FA400256F47 = {
						CreatedOnToolsVersion = 7.3.1;
						TestTargetID = 3010E2FE1D372FA400256F47;
					};
					3010E3201D372FA400256F47 = {
						CreatedOnToolsVersion = 7.3.1;
						TestTargetID = 3010E2FE1D372FA400256F47;
					};
				};
			};
			buildConfigurationList = 3010E2FA1D372FA400256F47 /* Build configuration list for PBXProject "CapitalOneATMBranchLocator" */;
			compatibilityVersion = "Xcode 3.2";
			developmentRegion = English;
			hasScannedForEncodings = 0;
			knownRegions = (
				en,
				Base,
			);
			mainGroup = 3010E2F61D372FA400256F47;
			productRefGroup = 3010E3001D372FA400256F47 /* Products */;
			projectDirPath = "";
			projectRoot = "";
			targets = (
				3010E2FE1D372FA400256F47 /* CapitalOneATMBranchLocator */,
				3010E3151D372FA400256F47 /* CapitalOneATMBranchLocatorTests */,
				3010E3201D372FA400256F47 /* CapitalOneATMBranchLocatorUITests */,
			);
		};
/* End PBXProject section */

/* Begin PBXResourcesBuildPhase section */
		3010E2FD1D372FA400256F47 /* Resources */ = {
			isa = PBXResourcesBuildPhase;
			buildActionMask = 2147483647;
			files = (
				3010E3101D372FA400256F47 /* LaunchScreen.storyboard in Resources */,
				3010E30D1D372FA400256F47 /* Assets.xcassets in Resources */,
				3010E3081D372FA400256F47 /* Main.storyboard in Resources */,
			);
			runOnlyForDeploymentPostprocessing = 0;
		};
		3010E3141D372FA400256F47 /* Resources */ = {
			isa = PBXResourcesBuildPhase;
			buildActionMask = 2147483647;
			files = (
			);
			runOnlyForDeploymentPostprocessing = 0;
		};
		3010E31F1D372FA400256F47 /* Resources */ = {
			isa = PBXResourcesBuildPhase;
			buildActionMask = 2147483647;
			files = (
			);
			runOnlyForDeploymentPostprocessing = 0;
		};
/* End PBXResourcesBuildPhase section */

/* Begin PBXSourcesBuildPhase section */
		3010E2FB1D372FA400256F47 /* Sources */ = {
			isa = PBXSourcesBuildPhase;
			buildActionMask = 2147483647;
			files = (
				3010E3051D372FA400256F47 /* ViewController.swift in Sources */,
				3010E30B1D372FA400256F47 /* CapitalOneATMBranchLocator.xcdatamodeld in Sources */,
				3010E3031D372FA400256F47 /* AppDelegate.swift in Sources */,
			);
			runOnlyForDeploymentPostprocessing = 0;
		};
		3010E3121D372FA400256F47 /* Sources */ = {
			isa = PBXSourcesBuildPhase;
			buildActionMask = 2147483647;
			files = (
				3010E31B1D372FA400256F47 /* CapitalOneATMBranchLocatorTests.swift in Sources */,
			);
			runOnlyForDeploymentPostprocessing = 0;
		};
		3010E31D1D372FA400256F47 /* Sources */ = {
			isa = PBXSourcesBuildPhase;
			buildActionMask = 2147483647;
			files = (
				3010E3261D372FA400256F47 /* CapitalOneATMBranchLocatorUITests.swift in Sources */,
			);
			runOnlyForDeploymentPostprocessing = 0;
		};
/* End PBXSourcesBuildPhase section */

/* Begin PBXTargetDependency section */
		3010E3181D372FA400256F47 /* PBXTargetDependency */ = {
			isa = PBXTargetDependency;
			target = 3010E2FE1D372FA400256F47 /* CapitalOneATMBranchLocator */;
			targetProxy = 3010E3171D372FA400256F47 /* PBXContainerItemProxy */;
		};
		3010E3231D372FA400256F47 /* PBXTargetDependency */ = {
			isa = PBXTargetDependency;
			target = 3010E2FE1D372FA400256F47 /* CapitalOneATMBranchLocator */;
			targetProxy = 3010E3221D372FA400256F47 /* PBXContainerItemProxy */;
		};
/* End PBXTargetDependency section */

/* Begin PBXVariantGroup section */
		3010E3061D372FA400256F47 /* Main.storyboard */ = {
			isa = PBXVariantGroup;
			children = (
				3010E3071D372FA400256F47 /* Base */,
			);
			name = Main.storyboard;
			sourceTree = "<group>";
		};
		3010E30E1D372FA400256F47 /* LaunchScreen.storyboard */ = {
			isa = PBXVariantGroup;
			children = (
				3010E30F1D372FA400256F47 /* Base */,
			);
			name = LaunchScreen.storyboard;
			sourceTree = "<group>";
		};
/* End PBXVariantGroup section */

/* Begin XCBuildConfiguration section */
		3010E3281D372FA400256F47 /* Debug */ = {
			isa = XCBuildConfiguration;
			buildSettings = {
				ALWAYS_SEARCH_USER_PATHS = NO;
				CLANG_ANALYZER_NONNULL = YES;
				CLANG_CXX_LANGUAGE_STANDARD = "gnu++0x";
				CLANG_CXX_LIBRARY = "libc++";
				CLANG_ENABLE_MODULES = YES;
				CLANG_ENABLE_OBJC_ARC = YES;
				CLANG_WARN_BOOL_CONVERSION = YES;
				CLANG_WARN_CONSTANT_CONVERSION = YES;
				CLANG_WARN_DIRECT_OBJC_ISA_USAGE = YES_ERROR;
				CLANG_WARN_EMPTY_BODY = YES;
				CLANG_WARN_ENUM_CONVERSION = YES;
				CLANG_WARN_INT_CONVERSION = YES;
				CLANG_WARN_OBJC_ROOT_CLASS = YES_ERROR;
				CLANG_WARN_UNREACHABLE_CODE = YES;
				CLANG_WARN__DUPLICATE_METHOD_MATCH = YES;
				"CODE_SIGN_IDENTITY[sdk=iphoneos*]" = "iPhone Developer";
				COPY_PHASE_STRIP = NO;
				DEBUG_INFORMATION_FORMAT = dwarf;
				ENABLE_STRICT_OBJC_MSGSEND = YES;
				ENABLE_TESTABILITY = YES;
				GCC_C_LANGUAGE_STANDARD = gnu99;
				GCC_DYNAMIC_NO_PIC = NO;
				GCC_NO_COMMON_BLOCKS = YES;
				GCC_OPTIMIZATION_LEVEL = 0;
				GCC_PREPROCESSOR_DEFINITIONS = (
					"DEBUG=1",
					"$(inherited)",
				);
				GCC_WARN_64_TO_32_BIT_CONVERSION = YES;
				GCC_WARN_ABOUT_RETURN_TYPE = YES_ERROR;
				GCC_WARN_UNDECLARED_SELECTOR = YES;
				GCC_WARN_UNINITIALIZED_AUTOS = YES_AGGRESSIVE;
				GCC_WARN_UNUSED_FUNCTION = YES;
				GCC_WARN_UNUSED_VARIABLE = YES;
				IPHONEOS_DEPLOYMENT_TARGET = 9.3;
				MTL_ENABLE_DEBUG_INFO = YES;
				ONLY_ACTIVE_ARCH = YES;
				SDKROOT = iphoneos;
				SWIFT_OPTIMIZATION_LEVEL = "-Onone";
			};
			name = Debug;
		};
		3010E3291D372FA400256F47 /* Release */ = {
			isa = XCBuildConfiguration;
			buildSettings = {
				ALWAYS_SEARCH_USER_PATHS = NO;
				CLANG_ANALYZER_NONNULL = YES;
				CLANG_CXX_LANGUAGE_STANDARD = "gnu++0x";
				CLANG_CXX_LIBRARY = "libc++";
				CLANG_ENABLE_MODULES = YES;
				CLANG_ENABLE_OBJC_ARC = YES;
				CLANG_WARN_BOOL_CONVERSION = YES;
				CLANG_WARN_CONSTANT_CONVERSION = YES;
				CLANG_WARN_DIRECT_OBJC_ISA_USAGE = YES_ERROR;
				CLANG_WARN_EMPTY_BODY = YES;
				CLANG_WARN_ENUM_CONVERSION = YES;
				CLANG_WARN_INT_CONVERSION = YES;
				CLANG_WARN_OBJC_ROOT_CLASS = YES_ERROR;
				CLANG_WARN_UNREACHABLE_CODE = YES;
				CLANG_WARN__DUPLICATE_METHOD_MATCH = YES;
				"CODE_SIGN_IDENTITY[sdk=iphoneos*]" = "iPhone Developer";
				COPY_PHASE_STRIP = NO;
				DEBUG_INFORMATION_FORMAT = "dwarf-with-dsym";
				ENABLE_NS_ASSERTIONS = NO;
				ENABLE_STRICT_OBJC_MSGSEND = YES;
				GCC_C_LANGUAGE_STANDARD = gnu99;
				GCC_NO_COMMON_BLOCKS = YES;
				GCC_WARN_64_TO_32_BIT_CONVERSION = YES;
				GCC_WARN_ABOUT_RETURN_TYPE = YES_ERROR;
				GCC_WARN_UNDECLARED_SELECTOR = YES;
				GCC_WARN_UNINITIALIZED_AUTOS = YES_AGGRESSIVE;
				GCC_WARN_UNUSED_FUNCTION = YES;
				GCC_WARN_UNUSED_VARIABLE = YES;
				IPHONEOS_DEPLOYMENT_TARGET = 9.3;
				MTL_ENABLE_DEBUG_INFO = NO;
				SDKROOT = iphoneos;
				VALIDATE_PRODUCT = YES;
			};
			name = Release;
		};
		3010E32B1D372FA400256F47 /* Debug */ = {
			isa = XCBuildConfiguration;
			buildSettings = {
				ASSETCATALOG_COMPILER_APPICON_NAME = AppIcon;
				INFOPLIST_FILE = CapitalOneATMBranchLocator/Info.plist;
				LD_RUNPATH_SEARCH_PATHS = "$(inherited) @executable_path/Frameworks";
				PRODUCT_BUNDLE_IDENTIFIER = test.CapitalOneATMBranchLocator;
				PRODUCT_NAME = "$(TARGET_NAME)";
			};
			name = Debug;
		};
		3010E32C1D372FA400256F47 /* Release */ = {
			isa = XCBuildConfiguration;
			buildSettings = {
				ASSETCATALOG_COMPILER_APPICON_NAME = AppIcon;
				INFOPLIST_FILE = CapitalOneATMBranchLocator/Info.plist;
				LD_RUNPATH_SEARCH_PATHS = "$(inherited) @executable_path/Frameworks";
				PRODUCT_BUNDLE_IDENTIFIER = test.CapitalOneATMBranchLocator;
				PRODUCT_NAME = "$(TARGET_NAME)";
			};
			name = Release;
		};
		3010E32E1D372FA400256F47 /* Debug */ = {
			isa = XCBuildConfiguration;
			buildSettings = {
				BUNDLE_LOADER = "$(TEST_HOST)";
				INFOPLIST_FILE = CapitalOneATMBranchLocatorTests/Info.plist;
				LD_RUNPATH_SEARCH_PATHS = "$(inherited) @executable_path/Frameworks @loader_path/Frameworks";
				PRODUCT_BUNDLE_IDENTIFIER = test.CapitalOneATMBranchLocatorTests;
				PRODUCT_NAME = "$(TARGET_NAME)";
				TEST_HOST = "$(BUILT_PRODUCTS_DIR)/CapitalOneATMBranchLocator.app/CapitalOneATMBranchLocator";
			};
			name = Debug;
		};
		3010E32F1D372FA400256F47 /* Release */ = {
			isa = XCBuildConfiguration;
			buildSettings = {
				BUNDLE_LOADER = "$(TEST_HOST)";
				INFOPLIST_FILE = CapitalOneATMBranchLocatorTests/Info.plist;
				LD_RUNPATH_SEARCH_PATHS = "$(inherited) @executable_path/Frameworks @loader_path/Frameworks";
				PRODUCT_BUNDLE_IDENTIFIER = test.CapitalOneATMBranchLocatorTests;
				PRODUCT_NAME = "$(TARGET_NAME)";
				TEST_HOST = "$(BUILT_PRODUCTS_DIR)/CapitalOneATMBranchLocator.app/CapitalOneATMBranchLocator";
			};
			name = Release;
		};
		3010E3311D372FA400256F47 /* Debug */ = {
			isa = XCBuildConfiguration;
			buildSettings = {
				INFOPLIST_FILE = CapitalOneATMBranchLocatorUITests/Info.plist;
				LD_RUNPATH_SEARCH_PATHS = "$(inherited) @executable_path/Frameworks @loader_path/Frameworks";
				PRODUCT_BUNDLE_IDENTIFIER = test.CapitalOneATMBranchLocatorUITests;
				PRODUCT_NAME = "$(TARGET_NAME)";
				TEST_TARGET_NAME = CapitalOneATMBranchLocator;
			};
			name = Debug;
		};
		3010E3321D372FA400256F47 /* Release */ = {
			isa = XCBuildConfiguration;
			buildSettings = {
				INFOPLIST_FILE = CapitalOneATMBranchLocatorUITests/Info.plist;
				LD_RUNPATH_SEARCH_PATHS = "$(inherited) @executable_path/Frameworks @loader_path/Frameworks";
				PRODUCT_BUNDLE_IDENTIFIER = test.CapitalOneATMBranchLocatorUITests;
				PRODUCT_NAME = "$(TARGET_NAME)";
				TEST_TARGET_NAME = CapitalOneATMBranchLocator;
			};
			name = Release;
		};
/* End XCBuildConfiguration section */

/* Begin XCConfigurationList section */
		3010E2FA1D372FA400256F47 /* Build configuration list for PBXProject "CapitalOneATMBranchLocator" */ = {
			isa = XCConfigurationList;
			buildConfigurations = (
				3010E3281D372FA400256F47 /* Debug */,
				3010E3291D372FA400256F47 /* Release */,
			);
			defaultConfigurationIsVisible = 0;
			defaultConfigurationName = Release;
		};
		3010E32A1D372FA400256F47 /* Build configuration list for PBXNativeTarget "CapitalOneATMBranchLocator" */ = {
			isa = XCConfigurationList;
			buildConfigurations = (
				3010E32B1D372FA400256F47 /* Debug */,
				3010E32C1D372FA400256F47 /* Release */,
			);
			defaultConfigurationIsVisible = 0;
		};
		3010E32D1D372FA400256F47 /* Build configuration list for PBXNativeTarget "CapitalOneATMBranchLocatorTests" */ = {
			isa = XCConfigurationList;
			buildConfigurations = (
				3010E32E1D372FA400256F47 /* Debug */,
				3010E32F1D372FA400256F47 /* Release */,
			);
			defaultConfigurationIsVisible = 0;
		};
		3010E3301D372FA400256F47 /* Build configuration list for PBXNativeTarget "CapitalOneATMBranchLocatorUITests" */ = {
			isa = XCConfigurationList;
			buildConfigurations = (
				3010E3311D372FA400256F47 /* Debug */,
				3010E3321D372FA400256F47 /* Release */,
			);
			defaultConfigurationIsVisible = 0;
		};
/* End XCConfigurationList section */

/* Begin XCVersionGroup section */
		3010E3091D372FA400256F47 /* CapitalOneATMBranchLocator.xcdatamodeld */ = {
			isa = XCVersionGroup;
			children = (
				3010E30A1D372FA400256F47 /* CapitalOneATMBranchLocator.xcdatamodel */,
			);
			currentVersion = 3010E30A1D372FA400256F47 /* CapitalOneATMBranchLocator.xcdatamodel */;
			path = CapitalOneATMBranchLocator.xcdatamodeld;
			sourceTree = "<group>";
			versionGroupType = wrapper.xcdatamodel;
		};
/* End XCVersionGroup section */
	};
	rootObject = 3010E2F71D372FA400256F47 /* Project object */;
}
